
Microsoft Visual Studio Solution File, Format Version 12.00
# Visual Studio Version 17
VisualStudioVersion = 17.4.33205.214
MinimumVisualStudioVersion = 10.0.40219.1
Project("{8BC9CEB8-8B4A-11D0-8D11-00A0C91BC942}") = "Engine", "Engine\Engine.vcxproj", "{5ADAB721-CB6C-4EF5-89EB-20EC51A13CFC}"
EndProject
Project("{8BC9CEB8-8B4A-11D0-8D11-00A0C91BC942}") = "GamePrototype", "GamePrototype\GamePrototype.vcxproj", "{F3EBE033-7D91-46CF-8398-C5AF8D437D74}"
	ProjectSection(ProjectDependencies) = postProject
		{5ADAB721-CB6C-4EF5-89EB-20EC51A13CFC} = {5ADAB721-CB6C-4EF5-89EB-20EC51A13CFC}
	EndProjectSection
EndProject
Global
	GlobalSection(SolutionConfigurationPlatforms) = preSolution
		Debug|ARM = Debug|ARM
		Debug|x64 = Debug|x64
		Debug|x86 = Debug|x86
		GameplayScripting|ARM = GameplayScripting|ARM
		GameplayScripting|x64 = GameplayScripting|x64
		GameplayScripting|x86 = GameplayScripting|x86
		Release|ARM = Release|ARM
		Release|x64 = Release|x64
		Release|x86 = Release|x86
		test|ARM = test|ARM
		test|x64 = test|x64
		test|x86 = test|x86
	EndGlobalSection
	GlobalSection(ProjectConfigurationPlatforms) = postSolution
		{5ADAB721-CB6C-4EF5-89EB-20EC51A13CFC}.Debug|ARM.ActiveCfg = Debug|ARM
		{5ADAB721-CB6C-4EF5-89EB-20EC51A13CFC}.Debug|ARM.Build.0 = Debug|ARM
		{5ADAB721-CB6C-4EF5-89EB-20EC51A13CFC}.Debug|x64.ActiveCfg = Debug|x64
		{5ADAB721-CB6C-4EF5-89EB-20EC51A13CFC}.Debug|x64.Build.0 = Debug|x64
		{5ADAB721-CB6C-4EF5-89EB-20EC51A13CFC}.Debug|x86.ActiveCfg = Debug|Win32
		{5ADAB721-CB6C-4EF5-89EB-20EC51A13CFC}.Debug|x86.Build.0 = Debug|Win32
		{5ADAB721-CB6C-4EF5-89EB-20EC51A13CFC}.GameplayScripting|ARM.ActiveCfg = Debug|x64
		{5ADAB721-CB6C-4EF5-89EB-20EC51A13CFC}.GameplayScripting|ARM.Build.0 = Debug|x64
		{5ADAB721-CB6C-4EF5-89EB-20EC51A13CFC}.GameplayScripting|x64.ActiveCfg = GameplayScripting|x64
		{5ADAB721-CB6C-4EF5-89EB-20EC51A13CFC}.GameplayScripting|x64.Build.0 = GameplayScripting|x64
		{5ADAB721-CB6C-4EF5-89EB-20EC51A13CFC}.GameplayScripting|x86.ActiveCfg = GameplayScripting|Win32
		{5ADAB721-CB6C-4EF5-89EB-20EC51A13CFC}.GameplayScripting|x86.Build.0 = GameplayScripting|Win32
		{5ADAB721-CB6C-4EF5-89EB-20EC51A13CFC}.Release|ARM.ActiveCfg = Release|ARM
		{5ADAB721-CB6C-4EF5-89EB-20EC51A13CFC}.Release|ARM.Build.0 = Release|ARM
		{5ADAB721-CB6C-4EF5-89EB-20EC51A13CFC}.Release|x64.ActiveCfg = Release|x64
		{5ADAB721-CB6C-4EF5-89EB-20EC51A13CFC}.Release|x64.Build.0 = Release|x64
		{5ADAB721-CB6C-4EF5-89EB-20EC51A13CFC}.Release|x86.ActiveCfg = Release|Win32
		{5ADAB721-CB6C-4EF5-89EB-20EC51A13CFC}.Release|x86.Build.0 = Release|Win32
		{5ADAB721-CB6C-4EF5-89EB-20EC51A13CFC}.test|ARM.ActiveCfg = test|ARM
		{5ADAB721-CB6C-4EF5-89EB-20EC51A13CFC}.test|ARM.Build.0 = test|ARM
		{5ADAB721-CB6C-4EF5-89EB-20EC51A13CFC}.test|x64.ActiveCfg = test|x64
		{5ADAB721-CB6C-4EF5-89EB-20EC51A13CFC}.test|x64.Build.0 = test|x64
		{5ADAB721-CB6C-4EF5-89EB-20EC51A13CFC}.test|x86.ActiveCfg = test|Win32
		{5ADAB721-CB6C-4EF5-89EB-20EC51A13CFC}.test|x86.Build.0 = test|Win32
		{F3EBE033-7D91-46CF-8398-C5AF8D437D74}.Debug|ARM.ActiveCfg = Debug|x64
		{F3EBE033-7D91-46CF-8398-C5AF8D437D74}.Debug|ARM.Build.0 = Debug|x64
		{F3EBE033-7D91-46CF-8398-C5AF8D437D74}.Debug|x64.ActiveCfg = Debug|x64
		{F3EBE033-7D91-46CF-8398-C5AF8D437D74}.Debug|x64.Build.0 = Debug|x64
		{F3EBE033-7D91-46CF-8398-C5AF8D437D74}.Debug|x86.ActiveCfg = Debug|Win32
		{F3EBE033-7D91-46CF-8398-C5AF8D437D74}.Debug|x86.Build.0 = Debug|Win32
		{F3EBE033-7D91-46CF-8398-C5AF8D437D74}.GameplayScripting|ARM.ActiveCfg = Debug|x64
		{F3EBE033-7D91-46CF-8398-C5AF8D437D74}.GameplayScripting|ARM.Build.0 = Debug|x64
		{F3EBE033-7D91-46CF-8398-C5AF8D437D74}.GameplayScripting|x64.ActiveCfg = GameplayScripting|x64
		{F3EBE033-7D91-46CF-8398-C5AF8D437D74}.GameplayScripting|x64.Build.0 = GameplayScripting|x64
		{F3EBE033-7D91-46CF-8398-C5AF8D437D74}.GameplayScripting|x86.ActiveCfg = GameplayScripting|Win32
		{F3EBE033-7D91-46CF-8398-C5AF8D437D74}.GameplayScripting|x86.Build.0 = GameplayScripting|Win32
		{F3EBE033-7D91-46CF-8398-C5AF8D437D74}.Release|ARM.ActiveCfg = Release|x64
		{F3EBE033-7D91-46CF-8398-C5AF8D437D74}.Release|ARM.Build.0 = Release|x64
		{F3EBE033-7D91-46CF-8398-C5AF8D437D74}.Release|x64.ActiveCfg = Release|x64
		{F3EBE033-7D91-46CF-8398-C5AF8D437D74}.Release|x64.Build.0 = Release|x64
		{F3EBE033-7D91-46CF-8398-C5AF8D437D74}.Release|x86.ActiveCfg = Release|Win32
		{F3EBE033-7D91-46CF-8398-C5AF8D437D74}.Release|x86.Build.0 = Release|Win32
		{F3EBE033-7D91-46CF-8398-C5AF8D437D74}.test|ARM.ActiveCfg = test|x64
		{F3EBE033-7D91-46CF-8398-C5AF8D437D74}.test|ARM.Build.0 = test|x64
		{F3EBE033-7D91-46CF-8398-C5AF8D437D74}.test|x64.ActiveCfg = test|x64
		{F3EBE033-7D91-46CF-8398-C5AF8D437D74}.test|x64.Build.0 = test|x64
		{F3EBE033-7D91-46CF-8398-C5AF8D437D74}.test|x86.ActiveCfg = test|Win32
		{F3EBE033-7D91-46CF-8398-C5AF8D437D74}.test|x86.Build.0 = test|Win32
	EndGlobalSection
	GlobalSection(SolutionProperties) = preSolution
		HideSolutionNode = FALSE
	EndGlobalSection
	GlobalSection(ExtensibilityGlobals) = postSolution
		SolutionGuid = {27FA23C0-0475-411E-8608-8E2AD2B00C26}
	EndGlobalSection
EndGlobal
